
Microsoft Visual Studio Solution File, Format Version 12.00
# Visual Studio 15
VisualStudioVersion = 15.0.28010.2036
MinimumVisualStudioVersion = 10.0.40219.1
Project("{FAE04EC0-301F-11D3-BF4B-00C04F79EFBC}") = "UnityGltfTool", "UnityGltfTool\UnityGltfTool.csproj", "{DC7E4A9E-098E-4943-B8B2-6694F4BCF92C}"
EndProject
Global
	GlobalSection(SolutionConfigurationPlatforms) = preSolution
		Debug|Any CPU = Debug|Any CPU
		Release|Any CPU = Release|Any CPU
	EndGlobalSection
	GlobalSection(ProjectConfigurationPlatforms) = postSolution
		{DC7E4A9E-098E-4943-B8B2-6694F4BCF92C}.Debug|Any CPU.ActiveCfg = Debug|Any CPU
		{DC7E4A9E-098E-4943-B8B2-6694F4BCF92C}.Debug|Any CPU.Build.0 = Debug|Any CPU
		{DC7E4A9E-098E-4943-B8B2-6694F4BCF92C}.Release|Any CPU.ActiveCfg = Release|Any CPU
		{DC7E4A9E-098E-4943-B8B2-6694F4BCF92C}.Release|Any CPU.Build.0 = Release|Any CPU
	EndGlobalSection
	GlobalSection(SolutionProperties) = preSolution
		HideSolutionNode = FALSE
	EndGlobalSection
	GlobalSection(ExtensibilityGlobals) = postSolution
		SolutionGuid = {F8780E4F-7759-49F7-A51B-FEF5A912A60F}
	EndGlobalSection
EndGlobal
